
Microsoft Visual Studio Solution File, Format Version 12.00
# Visual Studio Version 16
VisualStudioVersion = 16.0.31005.135
MinimumVisualStudioVersion = 10.0.40219.1
Project("{8BC9CEB8-8B4A-11D0-8D11-00A0C91BC942}") = "WS1P1", "WS1P1\WS1P1.vcxproj", "{A58657F9-7C23-4DBD-94B7-60EC79C4E793}"
EndProject
Project("{8BC9CEB8-8B4A-11D0-8D11-00A0C91BC942}") = "WS1P2", "WS1P2\WS1P2.vcxproj", "{71B8EC44-475F-4DE0-99A9-64902F1815A3}"
EndProject
Project("{8BC9CEB8-8B4A-11D0-8D11-00A0C91BC942}") = "WS2P1", "WS2P1\WS2P1.vcxproj", "{4608B9E8-301C-4A16-A40F-1B08E10A5AC2}"
EndProject
Project("{8BC9CEB8-8B4A-11D0-8D11-00A0C91BC942}") = "WS2P2", "WS2P2\WS2P2.vcxproj", "{E51EC9DF-5FF6-439A-8C2C-0BB95449BBAF}"
EndProject
Project("{8BC9CEB8-8B4A-11D0-8D11-00A0C91BC942}") = "WS3P1", "WS3P1\WS3P1.vcxproj", "{F76E15A4-77B0-4618-8FFC-7F8A3BBB1DD0}"
EndProject
Project("{8BC9CEB8-8B4A-11D0-8D11-00A0C91BC942}") = "WS3P2", "WS3P2\WS3P2.vcxproj", "{6DF88634-1097-40EF-B9F7-BA8429077282}"
EndProject
Project("{8BC9CEB8-8B4A-11D0-8D11-00A0C91BC942}") = "WS4P1", "WS4P1\WS4P1.vcxproj", "{7E0945FC-E496-4662-B7FE-53C79934920F}"
EndProject
Project("{8BC9CEB8-8B4A-11D0-8D11-00A0C91BC942}") = "WS4P2", "WS4P2\WS4P2.vcxproj", "{18D6AF4C-43C0-4775-B121-2C5796196498}"
EndProject
Project("{8BC9CEB8-8B4A-11D0-8D11-00A0C91BC942}") = "WS5P1", "WS5P1\WS5P1.vcxproj", "{301CC807-D9DA-4D86-A0B0-B539E8789CB7}"
EndProject
Project("{8BC9CEB8-8B4A-11D0-8D11-00A0C91BC942}") = "WS5P2", "WS5P2\WS5P2.vcxproj", "{388439DD-E372-4A08-954D-A43D9A5CCD93}"
EndProject
Project("{8BC9CEB8-8B4A-11D0-8D11-00A0C91BC942}") = "WS7", "WS7\WS7.vcxproj", "{572DDDE6-6267-4A93-AD3B-875AEC64EB32}"
EndProject
Project("{8BC9CEB8-8B4A-11D0-8D11-00A0C91BC942}") = "WS6", "WS6\WS6P1.vcxproj", "{4BEBB74C-3641-452B-A94C-1C09CFA581BE}"
EndProject
Project("{8BC9CEB8-8B4A-11D0-8D11-00A0C91BC942}") = "WS8", "WS8\WS8.vcxproj", "{F6F65E54-28F5-4E43-9AEF-AB20DA33F50F}"
EndProject
Project("{8BC9CEB8-8B4A-11D0-8D11-00A0C91BC942}") = "WS9", "WS9\WS9.vcxproj", "{992A7A7B-4DCE-4E69-8795-AB20CCA9068A}"
EndProject
Project("{8BC9CEB8-8B4A-11D0-8D11-00A0C91BC942}") = "WS10", "WS10\WS10.vcxproj", "{D8EF813A-A1C9-4BC5-A42B-D5F42129A3AC}"
EndProject
Global
	GlobalSection(SolutionConfigurationPlatforms) = preSolution
		Debug|x64 = Debug|x64
		Debug|x86 = Debug|x86
		Release|x64 = Release|x64
		Release|x86 = Release|x86
	EndGlobalSection
	GlobalSection(ProjectConfigurationPlatforms) = postSolution
		{A58657F9-7C23-4DBD-94B7-60EC79C4E793}.Debug|x64.ActiveCfg = Debug|x64
		{A58657F9-7C23-4DBD-94B7-60EC79C4E793}.Debug|x64.Build.0 = Debug|x64
		{A58657F9-7C23-4DBD-94B7-60EC79C4E793}.Debug|x86.ActiveCfg = Debug|Win32
		{A58657F9-7C23-4DBD-94B7-60EC79C4E793}.Debug|x86.Build.0 = Debug|Win32
		{A58657F9-7C23-4DBD-94B7-60EC79C4E793}.Release|x64.ActiveCfg = Release|x64
		{A58657F9-7C23-4DBD-94B7-60EC79C4E793}.Release|x64.Build.0 = Release|x64
		{A58657F9-7C23-4DBD-94B7-60EC79C4E793}.Release|x86.ActiveCfg = Release|Win32
		{A58657F9-7C23-4DBD-94B7-60EC79C4E793}.Release|x86.Build.0 = Release|Win32
		{71B8EC44-475F-4DE0-99A9-64902F1815A3}.Debug|x64.ActiveCfg = Debug|x64
		{71B8EC44-475F-4DE0-99A9-64902F1815A3}.Debug|x64.Build.0 = Debug|x64
		{71B8EC44-475F-4DE0-99A9-64902F1815A3}.Debug|x86.ActiveCfg = Debug|Win32
		{71B8EC44-475F-4DE0-99A9-64902F1815A3}.Debug|x86.Build.0 = Debug|Win32
		{71B8EC44-475F-4DE0-99A9-64902F1815A3}.Release|x64.ActiveCfg = Release|x64
		{71B8EC44-475F-4DE0-99A9-64902F1815A3}.Release|x64.Build.0 = Release|x64
		{71B8EC44-475F-4DE0-99A9-64902F1815A3}.Release|x86.ActiveCfg = Release|Win32
		{71B8EC44-475F-4DE0-99A9-64902F1815A3}.Release|x86.Build.0 = Release|Win32
		{4608B9E8-301C-4A16-A40F-1B08E10A5AC2}.Debug|x64.ActiveCfg = Debug|x64
		{4608B9E8-301C-4A16-A40F-1B08E10A5AC2}.Debug|x64.Build.0 = Debug|x64
		{4608B9E8-301C-4A16-A40F-1B08E10A5AC2}.Debug|x86.ActiveCfg = Debug|Win32
		{4608B9E8-301C-4A16-A40F-1B08E10A5AC2}.Debug|x86.Build.0 = Debug|Win32
		{4608B9E8-301C-4A16-A40F-1B08E10A5AC2}.Release|x64.ActiveCfg = Release|x64
		{4608B9E8-301C-4A16-A40F-1B08E10A5AC2}.Release|x64.Build.0 = Release|x64
		{4608B9E8-301C-4A16-A40F-1B08E10A5AC2}.Release|x86.ActiveCfg = Release|Win32
		{4608B9E8-301C-4A16-A40F-1B08E10A5AC2}.Release|x86.Build.0 = Release|Win32
		{E51EC9DF-5FF6-439A-8C2C-0BB95449BBAF}.Debug|x64.ActiveCfg = Debug|x64
		{E51EC9DF-5FF6-439A-8C2C-0BB95449BBAF}.Debug|x64.Build.0 = Debug|x64
		{E51EC9DF-5FF6-439A-8C2C-0BB95449BBAF}.Debug|x86.ActiveCfg = Debug|Win32
		{E51EC9DF-5FF6-439A-8C2C-0BB95449BBAF}.Debug|x86.Build.0 = Debug|Win32
		{E51EC9DF-5FF6-439A-8C2C-0BB95449BBAF}.Release|x64.ActiveCfg = Release|x64
		{E51EC9DF-5FF6-439A-8C2C-0BB95449BBAF}.Release|x64.Build.0 = Release|x64
		{E51EC9DF-5FF6-439A-8C2C-0BB95449BBAF}.Release|x86.ActiveCfg = Release|Win32
		{E51EC9DF-5FF6-439A-8C2C-0BB95449BBAF}.Release|x86.Build.0 = Release|Win32
		{F76E15A4-77B0-4618-8FFC-7F8A3BBB1DD0}.Debug|x64.ActiveCfg = Debug|x64
		{F76E15A4-77B0-4618-8FFC-7F8A3BBB1DD0}.Debug|x64.Build.0 = Debug|x64
		{F76E15A4-77B0-4618-8FFC-7F8A3BBB1DD0}.Debug|x86.ActiveCfg = Debug|Win32
		{F76E15A4-77B0-4618-8FFC-7F8A3BBB1DD0}.Debug|x86.Build.0 = Debug|Win32
		{F76E15A4-77B0-4618-8FFC-7F8A3BBB1DD0}.Release|x64.ActiveCfg = Release|x64
		{F76E15A4-77B0-4618-8FFC-7F8A3BBB1DD0}.Release|x64.Build.0 = Release|x64
		{F76E15A4-77B0-4618-8FFC-7F8A3BBB1DD0}.Release|x86.ActiveCfg = Release|Win32
		{F76E15A4-77B0-4618-8FFC-7F8A3BBB1DD0}.Release|x86.Build.0 = Release|Win32
		{6DF88634-1097-40EF-B9F7-BA8429077282}.Debug|x64.ActiveCfg = Debug|x64
		{6DF88634-1097-40EF-B9F7-BA8429077282}.Debug|x64.Build.0 = Debug|x64
		{6DF88634-1097-40EF-B9F7-BA8429077282}.Debug|x86.ActiveCfg = Debug|Win32
		{6DF88634-1097-40EF-B9F7-BA8429077282}.Debug|x86.Build.0 = Debug|Win32
		{6DF88634-1097-40EF-B9F7-BA8429077282}.Release|x64.ActiveCfg = Release|x64
		{6DF88634-1097-40EF-B9F7-BA8429077282}.Release|x64.Build.0 = Release|x64
		{6DF88634-1097-40EF-B9F7-BA8429077282}.Release|x86.ActiveCfg = Release|Win32
		{6DF88634-1097-40EF-B9F7-BA8429077282}.Release|x86.Build.0 = Release|Win32
		{7E0945FC-E496-4662-B7FE-53C79934920F}.Debug|x64.ActiveCfg = Debug|x64
		{7E0945FC-E496-4662-B7FE-53C79934920F}.Debug|x64.Build.0 = Debug|x64
		{7E0945FC-E496-4662-B7FE-53C79934920F}.Debug|x86.ActiveCfg = Debug|Win32
		{7E0945FC-E496-4662-B7FE-53C79934920F}.Debug|x86.Build.0 = Debug|Win32
		{7E0945FC-E496-4662-B7FE-53C79934920F}.Release|x64.ActiveCfg = Release|x64
		{7E0945FC-E496-4662-B7FE-53C79934920F}.Release|x64.Build.0 = Release|x64
		{7E0945FC-E496-4662-B7FE-53C79934920F}.Release|x86.ActiveCfg = Release|Win32
		{7E0945FC-E496-4662-B7FE-53C79934920F}.Release|x86.Build.0 = Release|Win32
		{18D6AF4C-43C0-4775-B121-2C5796196498}.Debug|x64.ActiveCfg = Debug|x64
		{18D6AF4C-43C0-4775-B121-2C5796196498}.Debug|x64.Build.0 = Debug|x64
		{18D6AF4C-43C0-4775-B121-2C5796196498}.Debug|x86.ActiveCfg = Debug|Win32
		{18D6AF4C-43C0-4775-B121-2C5796196498}.Debug|x86.Build.0 = Debug|Win32
		{18D6AF4C-43C0-4775-B121-2C5796196498}.Release|x64.ActiveCfg = Release|x64
		{18D6AF4C-43C0-4775-B121-2C5796196498}.Release|x64.Build.0 = Release|x64
		{18D6AF4C-43C0-4775-B121-2C5796196498}.Release|x86.ActiveCfg = Release|Win32
		{18D6AF4C-43C0-4775-B121-2C5796196498}.Release|x86.Build.0 = Release|Win32
		{301CC807-D9DA-4D86-A0B0-B539E8789CB7}.Debug|x64.ActiveCfg = Debug|x64
		{301CC807-D9DA-4D86-A0B0-B539E8789CB7}.Debug|x64.Build.0 = Debug|x64
		{301CC807-D9DA-4D86-A0B0-B539E8789CB7}.Debug|x86.ActiveCfg = Debug|Win32
		{301CC807-D9DA-4D86-A0B0-B539E8789CB7}.Debug|x86.Build.0 = Debug|Win32
		{301CC807-D9DA-4D86-A0B0-B539E8789CB7}.Release|x64.ActiveCfg = Release|x64
		{301CC807-D9DA-4D86-A0B0-B539E8789CB7}.Release|x64.Build.0 = Release|x64
		{301CC807-D9DA-4D86-A0B0-B539E8789CB7}.Release|x86.ActiveCfg = Release|Win32
		{301CC807-D9DA-4D86-A0B0-B539E8789CB7}.Release|x86.Build.0 = Release|Win32
		{388439DD-E372-4A08-954D-A43D9A5CCD93}.Debug|x64.ActiveCfg = Debug|x64
		{388439DD-E372-4A08-954D-A43D9A5CCD93}.Debug|x64.Build.0 = Debug|x64
		{388439DD-E372-4A08-954D-A43D9A5CCD93}.Debug|x86.ActiveCfg = Debug|Win32
		{388439DD-E372-4A08-954D-A43D9A5CCD93}.Debug|x86.Build.0 = Debug|Win32
		{388439DD-E372-4A08-954D-A43D9A5CCD93}.Release|x64.ActiveCfg = Release|x64
		{388439DD-E372-4A08-954D-A43D9A5CCD93}.Release|x64.Build.0 = Release|x64
		{388439DD-E372-4A08-954D-A43D9A5CCD93}.Release|x86.ActiveCfg = Release|Win32
		{388439DD-E372-4A08-954D-A43D9A5CCD93}.Release|x86.Build.0 = Release|Win32
		{572DDDE6-6267-4A93-AD3B-875AEC64EB32}.Debug|x64.ActiveCfg = Debug|x64
		{572DDDE6-6267-4A93-AD3B-875AEC64EB32}.Debug|x64.Build.0 = Debug|x64
		{572DDDE6-6267-4A93-AD3B-875AEC64EB32}.Debug|x86.ActiveCfg = Debug|Win32
		{572DDDE6-6267-4A93-AD3B-875AEC64EB32}.Debug|x86.Build.0 = Debug|Win32
		{572DDDE6-6267-4A93-AD3B-875AEC64EB32}.Release|x64.ActiveCfg = Release|x64
		{572DDDE6-6267-4A93-AD3B-875AEC64EB32}.Release|x64.Build.0 = Release|x64
		{572DDDE6-6267-4A93-AD3B-875AEC64EB32}.Release|x86.ActiveCfg = Release|Win32
		{572DDDE6-6267-4A93-AD3B-875AEC64EB32}.Release|x86.Build.0 = Release|Win32
		{4BEBB74C-3641-452B-A94C-1C09CFA581BE}.Debug|x64.ActiveCfg = Debug|x64
		{4BEBB74C-3641-452B-A94C-1C09CFA581BE}.Debug|x64.Build.0 = Debug|x64
		{4BEBB74C-3641-452B-A94C-1C09CFA581BE}.Debug|x86.ActiveCfg = Debug|Win32
		{4BEBB74C-3641-452B-A94C-1C09CFA581BE}.Debug|x86.Build.0 = Debug|Win32
		{4BEBB74C-3641-452B-A94C-1C09CFA581BE}.Release|x64.ActiveCfg = Release|x64
		{4BEBB74C-3641-452B-A94C-1C09CFA581BE}.Release|x64.Build.0 = Release|x64
		{4BEBB74C-3641-452B-A94C-1C09CFA581BE}.Release|x86.ActiveCfg = Release|Win32
		{4BEBB74C-3641-452B-A94C-1C09CFA581BE}.Release|x86.Build.0 = Release|Win32
		{F6F65E54-28F5-4E43-9AEF-AB20DA33F50F}.Debug|x64.ActiveCfg = Debug|x64
		{F6F65E54-28F5-4E43-9AEF-AB20DA33F50F}.Debug|x64.Build.0 = Debug|x64
		{F6F65E54-28F5-4E43-9AEF-AB20DA33F50F}.Debug|x86.ActiveCfg = Debug|Win32
		{F6F65E54-28F5-4E43-9AEF-AB20DA33F50F}.Debug|x86.Build.0 = Debug|Win32
		{F6F65E54-28F5-4E43-9AEF-AB20DA33F50F}.Release|x64.ActiveCfg = Release|x64
		{F6F65E54-28F5-4E43-9AEF-AB20DA33F50F}.Release|x64.Build.0 = Release|x64
		{F6F65E54-28F5-4E43-9AEF-AB20DA33F50F}.Release|x86.ActiveCfg = Release|Win32
		{F6F65E54-28F5-4E43-9AEF-AB20DA33F50F}.Release|x86.Build.0 = Release|Win32
		{992A7A7B-4DCE-4E69-8795-AB20CCA9068A}.Debug|x64.ActiveCfg = Debug|x64
		{992A7A7B-4DCE-4E69-8795-AB20CCA9068A}.Debug|x64.Build.0 = Debug|x64
		{992A7A7B-4DCE-4E69-8795-AB20CCA9068A}.Debug|x86.ActiveCfg = Debug|Win32
		{992A7A7B-4DCE-4E69-8795-AB20CCA9068A}.Debug|x86.Build.0 = Debug|Win32
		{992A7A7B-4DCE-4E69-8795-AB20CCA9068A}.Release|x64.ActiveCfg = Release|x64
		{992A7A7B-4DCE-4E69-8795-AB20CCA9068A}.Release|x64.Build.0 = Release|x64
		{992A7A7B-4DCE-4E69-8795-AB20CCA9068A}.Release|x86.ActiveCfg = Release|Win32
		{992A7A7B-4DCE-4E69-8795-AB20CCA9068A}.Release|x86.Build.0 = Release|Win32
		{D8EF813A-A1C9-4BC5-A42B-D5F42129A3AC}.Debug|x64.ActiveCfg = Debug|x64
		{D8EF813A-A1C9-4BC5-A42B-D5F42129A3AC}.Debug|x64.Build.0 = Debug|x64
		{D8EF813A-A1C9-4BC5-A42B-D5F42129A3AC}.Debug|x86.ActiveCfg = Debug|Win32
		{D8EF813A-A1C9-4BC5-A42B-D5F42129A3AC}.Debug|x86.Build.0 = Debug|Win32
		{D8EF813A-A1C9-4BC5-A42B-D5F42129A3AC}.Release|x64.ActiveCfg = Release|x64
		{D8EF813A-A1C9-4BC5-A42B-D5F42129A3AC}.Release|x64.Build.0 = Release|x64
		{D8EF813A-A1C9-4BC5-A42B-D5F42129A3AC}.Release|x86.ActiveCfg = Release|Win32
		{D8EF813A-A1C9-4BC5-A42B-D5F42129A3AC}.Release|x86.Build.0 = Release|Win32
	EndGlobalSection
	GlobalSection(SolutionProperties) = preSolution
		HideSolutionNode = FALSE
	EndGlobalSection
	GlobalSection(ExtensibilityGlobals) = postSolution
		SolutionGuid = {FC945FAA-D7E8-48AC-BA1C-F819FD68B508}
	EndGlobalSection
EndGlobal
